
Microsoft Visual Studio Solution File, Format Version 12.00
# Visual Studio Version 16
VisualStudioVersion = 16.0.32228.343
MinimumVisualStudioVersion = 10.0.40219.1
Project("{FAE04EC0-301F-11D3-BF4B-00C04F79EFBC}") = "Vasmegye", "Vasmegye\Vasmegye.csproj", "{5233E987-44DC-47F1-8C5C-E9ED0A22C04F}"
EndProject
Global
	GlobalSection(SolutionConfigurationPlatforms) = preSolution
		Debug|Any CPU = Debug|Any CPU
		Release|Any CPU = Release|Any CPU
	EndGlobalSection
	GlobalSection(ProjectConfigurationPlatforms) = postSolution
		{5233E987-44DC-47F1-8C5C-E9ED0A22C04F}.Debug|Any CPU.ActiveCfg = Debug|Any CPU
		{5233E987-44DC-47F1-8C5C-E9ED0A22C04F}.Debug|Any CPU.Build.0 = Debug|Any CPU
		{5233E987-44DC-47F1-8C5C-E9ED0A22C04F}.Release|Any CPU.ActiveCfg = Release|Any CPU
		{5233E987-44DC-47F1-8C5C-E9ED0A22C04F}.Release|Any CPU.Build.0 = Release|Any CPU
	EndGlobalSection
	GlobalSection(SolutionProperties) = preSolution
		HideSolutionNode = FALSE
	EndGlobalSection
	GlobalSection(ExtensibilityGlobals) = postSolution
		SolutionGuid = {862DC9BD-CE67-4037-ACEC-4C817220D9FD}
	EndGlobalSection
EndGlobal
